
Microsoft Visual Studio Solution File, Format Version 12.00
Project("{FAE04EC0-301F-11D3-BF4B-00C04F79EFBC}") = "Reporting.Data", "Reporting.Data\Reporting.Data.csproj", "{C87B5B3B-5F16-4060-A910-9197580CDA9F}"
EndProject
Project("{FAE04EC0-301F-11D3-BF4B-00C04F79EFBC}") = "ReportGeneratorConsumer", "ReportGeneratorConsumer\ReportGeneratorConsumer.csproj", "{A4E69E54-1543-447B-B746-3C53BCD2B3E6}"
EndProject
Global
	GlobalSection(SolutionConfigurationPlatforms) = preSolution
		Debug|Any CPU = Debug|Any CPU
		Release|Any CPU = Release|Any CPU
	EndGlobalSection
	GlobalSection(ProjectConfigurationPlatforms) = postSolution
		{C87B5B3B-5F16-4060-A910-9197580CDA9F}.Debug|Any CPU.ActiveCfg = Debug|Any CPU
		{C87B5B3B-5F16-4060-A910-9197580CDA9F}.Debug|Any CPU.Build.0 = Debug|Any CPU
		{C87B5B3B-5F16-4060-A910-9197580CDA9F}.Release|Any CPU.ActiveCfg = Release|Any CPU
		{C87B5B3B-5F16-4060-A910-9197580CDA9F}.Release|Any CPU.Build.0 = Release|Any CPU
		{A4E69E54-1543-447B-B746-3C53BCD2B3E6}.Debug|Any CPU.ActiveCfg = Debug|Any CPU
		{A4E69E54-1543-447B-B746-3C53BCD2B3E6}.Debug|Any CPU.Build.0 = Debug|Any CPU
		{A4E69E54-1543-447B-B746-3C53BCD2B3E6}.Release|Any CPU.ActiveCfg = Release|Any CPU
		{A4E69E54-1543-447B-B746-3C53BCD2B3E6}.Release|Any CPU.Build.0 = Release|Any CPU
	EndGlobalSection
EndGlobal
